
Microsoft Visual Studio Solution File, Format Version 12.00
# Visual Studio Version 16
VisualStudioVersion = 16.0.30128.74
MinimumVisualStudioVersion = 10.0.40219.1
Project("{9A19103F-16F7-4668-BE54-9A1E7A4F7556}") = "FileHandler.Api", "FileHandler.Api\FileHandler.Api.csproj", "{45B274D4-BA6C-43A1-B7ED-AE17E9A67B30}"
EndProject
Project("{9A19103F-16F7-4668-BE54-9A1E7A4F7556}") = "FileHandler.Contracts", "FileHandler.Contracts\FileHandler.Contracts.csproj", "{FC531BA3-ABDB-4774-A132-946D87C6AEBC}"
EndProject
Project("{9A19103F-16F7-4668-BE54-9A1E7A4F7556}") = "FileHandler.Components", "FileHandler.Components\FileHandler.Components.csproj", "{CB3335F0-8B73-4373-A638-1D33CF9EB699}"
EndProject
Project("{9A19103F-16F7-4668-BE54-9A1E7A4F7556}") = "FileHandler.Service", "FileHandler.Service\FileHandler.Service.csproj", "{9D7480EE-587F-4BA0-95DA-9083D426565F}"
EndProject
Project("{9A19103F-16F7-4668-BE54-9A1E7A4F7556}") = "FileWatcher.Service", "FileWatcher.Service\FileWatcher.Service.csproj", "{34D9B698-CEB7-4D99-B2ED-D7856ED0AB37}"
EndProject
Project("{FAE04EC0-301F-11D3-BF4B-00C04F79EFBC}") = "FileWatcher.Components", "FileWatcher.Components\FileWatcher.Components.csproj", "{70F9B213-EE17-45F0-99CA-395168EBE4E4}"
EndProject
Project("{FAE04EC0-301F-11D3-BF4B-00C04F79EFBC}") = "FileWatcher.Contracts", "FileWatcher.Contracts\FileWatcher.Contracts.csproj", "{B60AA3BC-FE24-4F48-8618-F6604E63694F}"
EndProject
Project("{FAE04EC0-301F-11D3-BF4B-00C04F79EFBC}") = "FileHandler.Components.Tests", "FileHandler.Components.Tests\FileHandler.Components.Tests.csproj", "{B0938762-45A1-407D-9617-05D599718DFE}"
EndProject
Project("{FAE04EC0-301F-11D3-BF4B-00C04F79EFBC}") = "FileMover.Service", "FileMover.Service\FileMover.Service.csproj", "{61FA9B7B-3F97-486A-B60D-9AB099713DFF}"
EndProject
Project("{FAE04EC0-301F-11D3-BF4B-00C04F79EFBC}") = "FileMover.Contracts", "FileMover.Contracts\FileMover.Contracts.csproj", "{69FA1598-1E79-498E-B2B6-A5CCF5D49584}"
EndProject
Project("{FAE04EC0-301F-11D3-BF4B-00C04F79EFBC}") = "FileMover.Components", "FileMover.Components\FileMover.Components.csproj", "{BC7112F7-9AF1-49EC-9D99-04EC7B2F3561}"
EndProject
Project("{FAE04EC0-301F-11D3-BF4B-00C04F79EFBC}") = "FileReader.Service", "FileReader.Service\FileReader.Service.csproj", "{D8A9AE2D-8484-4AEF-A94D-4DE83C10C1AE}"
EndProject
Project("{FAE04EC0-301F-11D3-BF4B-00C04F79EFBC}") = "PriWebCommunicator.Service", "PriWebCommunicator.Service\PriWebCommunicator.Service.csproj", "{4F857692-7D62-41FF-938B-781A92677D22}"
EndProject
Project("{FAE04EC0-301F-11D3-BF4B-00C04F79EFBC}") = "FileReader.Components", "FileReader.Components\FileReader.Components.csproj", "{FA7150B1-CD85-4837-A39B-8EB77DBB4EC1}"
EndProject
Project("{FAE04EC0-301F-11D3-BF4B-00C04F79EFBC}") = "FileReader.Contracts", "FileReader.Contracts\FileReader.Contracts.csproj", "{3A69F978-1E25-4DD8-9758-AE389C9CF697}"
EndProject
Project("{FAE04EC0-301F-11D3-BF4B-00C04F79EFBC}") = "PriWebCommunicator.Components", "PriWebCommunicator.Components\PriWebCommunicator.Components.csproj", "{E25067F0-7B14-4DD2-A9E8-B5C9EA1DB040}"
EndProject
Project("{FAE04EC0-301F-11D3-BF4B-00C04F79EFBC}") = "PriWebCommunicator.Contracts", "PriWebCommunicator.Contracts\PriWebCommunicator.Contracts.csproj", "{30A26594-C6E7-4CF0-A885-111E49BE3F5F}"
EndProject
Project("{FAE04EC0-301F-11D3-BF4B-00C04F79EFBC}") = "FileSender.Service", "FileSender.Service\FileSender.Service.csproj", "{7B74935B-7697-48CA-A401-132759658F41}"
EndProject
Project("{FAE04EC0-301F-11D3-BF4B-00C04F79EFBC}") = "FileSender.Components", "FileSender.Components\FileSender.Components.csproj", "{64E02362-C5BD-4AE2-B243-964C497A428F}"
EndProject
Project("{FAE04EC0-301F-11D3-BF4B-00C04F79EFBC}") = "FileSender.Contracts", "FileSender.Contracts\FileSender.Contracts.csproj", "{B203EBB1-645D-40A4-AC0C-EC421913EB85}"
EndProject
Project("{FAE04EC0-301F-11D3-BF4B-00C04F79EFBC}") = "Sandbox", "Sandbox\Sandbox.csproj", "{5FAD3A30-AF32-46DC-AFF1-B3D7DDBC0B85}"
EndProject
Project("{FAE04EC0-301F-11D3-BF4B-00C04F79EFBC}") = "temptemp", "temptemp\temptemp.csproj", "{8E3DEC35-A8BD-41FE-A935-D8B870387B87}"
EndProject
Project("{2150E333-8FDC-42A3-9474-1A3956D46DE8}") = "FileMover", "FileMover", "{88D6E5D1-149A-4244-A4F3-81B411DCA020}"
EndProject
Project("{2150E333-8FDC-42A3-9474-1A3956D46DE8}") = "FileReader", "FileReader", "{25491627-0E82-43FB-B7D4-C220CAC7589D}"
EndProject
Project("{2150E333-8FDC-42A3-9474-1A3956D46DE8}") = "FileSender", "FileSender", "{D97DDE8F-72C3-401F-851D-75E562280D6B}"
EndProject
Project("{2150E333-8FDC-42A3-9474-1A3956D46DE8}") = "FileWatcher", "FileWatcher", "{80B791C1-23AF-4F38-8968-22E9BBA3FBCB}"
EndProject
Project("{2150E333-8FDC-42A3-9474-1A3956D46DE8}") = "PriWebCommunicator", "PriWebCommunicator", "{F619E23D-EA47-4823-834A-998C0D38EF96}"
EndProject
Project("{2150E333-8FDC-42A3-9474-1A3956D46DE8}") = "Sandbox", "Sandbox", "{5DD09708-E9E6-43AC-B3DC-365929E3544F}"
EndProject
Global
	GlobalSection(SolutionConfigurationPlatforms) = preSolution
		Debug|Any CPU = Debug|Any CPU
		Release|Any CPU = Release|Any CPU
	EndGlobalSection
	GlobalSection(ProjectConfigurationPlatforms) = postSolution
		{45B274D4-BA6C-43A1-B7ED-AE17E9A67B30}.Debug|Any CPU.ActiveCfg = Debug|Any CPU
		{45B274D4-BA6C-43A1-B7ED-AE17E9A67B30}.Debug|Any CPU.Build.0 = Debug|Any CPU
		{45B274D4-BA6C-43A1-B7ED-AE17E9A67B30}.Release|Any CPU.ActiveCfg = Release|Any CPU
		{45B274D4-BA6C-43A1-B7ED-AE17E9A67B30}.Release|Any CPU.Build.0 = Release|Any CPU
		{FC531BA3-ABDB-4774-A132-946D87C6AEBC}.Debug|Any CPU.ActiveCfg = Debug|Any CPU
		{FC531BA3-ABDB-4774-A132-946D87C6AEBC}.Debug|Any CPU.Build.0 = Debug|Any CPU
		{FC531BA3-ABDB-4774-A132-946D87C6AEBC}.Release|Any CPU.ActiveCfg = Release|Any CPU
		{FC531BA3-ABDB-4774-A132-946D87C6AEBC}.Release|Any CPU.Build.0 = Release|Any CPU
		{CB3335F0-8B73-4373-A638-1D33CF9EB699}.Debug|Any CPU.ActiveCfg = Debug|Any CPU
		{CB3335F0-8B73-4373-A638-1D33CF9EB699}.Debug|Any CPU.Build.0 = Debug|Any CPU
		{CB3335F0-8B73-4373-A638-1D33CF9EB699}.Release|Any CPU.ActiveCfg = Release|Any CPU
		{CB3335F0-8B73-4373-A638-1D33CF9EB699}.Release|Any CPU.Build.0 = Release|Any CPU
		{9D7480EE-587F-4BA0-95DA-9083D426565F}.Debug|Any CPU.ActiveCfg = Debug|Any CPU
		{9D7480EE-587F-4BA0-95DA-9083D426565F}.Debug|Any CPU.Build.0 = Debug|Any CPU
		{9D7480EE-587F-4BA0-95DA-9083D426565F}.Release|Any CPU.ActiveCfg = Release|Any CPU
		{9D7480EE-587F-4BA0-95DA-9083D426565F}.Release|Any CPU.Build.0 = Release|Any CPU
		{34D9B698-CEB7-4D99-B2ED-D7856ED0AB37}.Debug|Any CPU.ActiveCfg = Debug|Any CPU
		{34D9B698-CEB7-4D99-B2ED-D7856ED0AB37}.Debug|Any CPU.Build.0 = Debug|Any CPU
		{34D9B698-CEB7-4D99-B2ED-D7856ED0AB37}.Release|Any CPU.ActiveCfg = Release|Any CPU
		{34D9B698-CEB7-4D99-B2ED-D7856ED0AB37}.Release|Any CPU.Build.0 = Release|Any CPU
		{70F9B213-EE17-45F0-99CA-395168EBE4E4}.Debug|Any CPU.ActiveCfg = Debug|Any CPU
		{70F9B213-EE17-45F0-99CA-395168EBE4E4}.Debug|Any CPU.Build.0 = Debug|Any CPU
		{70F9B213-EE17-45F0-99CA-395168EBE4E4}.Release|Any CPU.ActiveCfg = Release|Any CPU
		{70F9B213-EE17-45F0-99CA-395168EBE4E4}.Release|Any CPU.Build.0 = Release|Any CPU
		{B60AA3BC-FE24-4F48-8618-F6604E63694F}.Debug|Any CPU.ActiveCfg = Debug|Any CPU
		{B60AA3BC-FE24-4F48-8618-F6604E63694F}.Debug|Any CPU.Build.0 = Debug|Any CPU
		{B60AA3BC-FE24-4F48-8618-F6604E63694F}.Release|Any CPU.ActiveCfg = Release|Any CPU
		{B60AA3BC-FE24-4F48-8618-F6604E63694F}.Release|Any CPU.Build.0 = Release|Any CPU
		{B0938762-45A1-407D-9617-05D599718DFE}.Debug|Any CPU.ActiveCfg = Debug|Any CPU
		{B0938762-45A1-407D-9617-05D599718DFE}.Debug|Any CPU.Build.0 = Debug|Any CPU
		{B0938762-45A1-407D-9617-05D599718DFE}.Release|Any CPU.ActiveCfg = Release|Any CPU
		{B0938762-45A1-407D-9617-05D599718DFE}.Release|Any CPU.Build.0 = Release|Any CPU
		{61FA9B7B-3F97-486A-B60D-9AB099713DFF}.Debug|Any CPU.ActiveCfg = Debug|Any CPU
		{61FA9B7B-3F97-486A-B60D-9AB099713DFF}.Debug|Any CPU.Build.0 = Debug|Any CPU
		{61FA9B7B-3F97-486A-B60D-9AB099713DFF}.Release|Any CPU.ActiveCfg = Release|Any CPU
		{61FA9B7B-3F97-486A-B60D-9AB099713DFF}.Release|Any CPU.Build.0 = Release|Any CPU
		{69FA1598-1E79-498E-B2B6-A5CCF5D49584}.Debug|Any CPU.ActiveCfg = Debug|Any CPU
		{69FA1598-1E79-498E-B2B6-A5CCF5D49584}.Debug|Any CPU.Build.0 = Debug|Any CPU
		{69FA1598-1E79-498E-B2B6-A5CCF5D49584}.Release|Any CPU.ActiveCfg = Release|Any CPU
		{69FA1598-1E79-498E-B2B6-A5CCF5D49584}.Release|Any CPU.Build.0 = Release|Any CPU
		{BC7112F7-9AF1-49EC-9D99-04EC7B2F3561}.Debug|Any CPU.ActiveCfg = Debug|Any CPU
		{BC7112F7-9AF1-49EC-9D99-04EC7B2F3561}.Debug|Any CPU.Build.0 = Debug|Any CPU
		{BC7112F7-9AF1-49EC-9D99-04EC7B2F3561}.Release|Any CPU.ActiveCfg = Release|Any CPU
		{BC7112F7-9AF1-49EC-9D99-04EC7B2F3561}.Release|Any CPU.Build.0 = Release|Any CPU
		{D8A9AE2D-8484-4AEF-A94D-4DE83C10C1AE}.Debug|Any CPU.ActiveCfg = Debug|Any CPU
		{D8A9AE2D-8484-4AEF-A94D-4DE83C10C1AE}.Debug|Any CPU.Build.0 = Debug|Any CPU
		{D8A9AE2D-8484-4AEF-A94D-4DE83C10C1AE}.Release|Any CPU.ActiveCfg = Release|Any CPU
		{D8A9AE2D-8484-4AEF-A94D-4DE83C10C1AE}.Release|Any CPU.Build.0 = Release|Any CPU
		{4F857692-7D62-41FF-938B-781A92677D22}.Debug|Any CPU.ActiveCfg = Debug|Any CPU
		{4F857692-7D62-41FF-938B-781A92677D22}.Debug|Any CPU.Build.0 = Debug|Any CPU
		{4F857692-7D62-41FF-938B-781A92677D22}.Release|Any CPU.ActiveCfg = Release|Any CPU
		{4F857692-7D62-41FF-938B-781A92677D22}.Release|Any CPU.Build.0 = Release|Any CPU
		{FA7150B1-CD85-4837-A39B-8EB77DBB4EC1}.Debug|Any CPU.ActiveCfg = Debug|Any CPU
		{FA7150B1-CD85-4837-A39B-8EB77DBB4EC1}.Debug|Any CPU.Build.0 = Debug|Any CPU
		{FA7150B1-CD85-4837-A39B-8EB77DBB4EC1}.Release|Any CPU.ActiveCfg = Release|Any CPU
		{FA7150B1-CD85-4837-A39B-8EB77DBB4EC1}.Release|Any CPU.Build.0 = Release|Any CPU
		{3A69F978-1E25-4DD8-9758-AE389C9CF697}.Debug|Any CPU.ActiveCfg = Debug|Any CPU
		{3A69F978-1E25-4DD8-9758-AE389C9CF697}.Debug|Any CPU.Build.0 = Debug|Any CPU
		{3A69F978-1E25-4DD8-9758-AE389C9CF697}.Release|Any CPU.ActiveCfg = Release|Any CPU
		{3A69F978-1E25-4DD8-9758-AE389C9CF697}.Release|Any CPU.Build.0 = Release|Any CPU
		{E25067F0-7B14-4DD2-A9E8-B5C9EA1DB040}.Debug|Any CPU.ActiveCfg = Debug|Any CPU
		{E25067F0-7B14-4DD2-A9E8-B5C9EA1DB040}.Debug|Any CPU.Build.0 = Debug|Any CPU
		{E25067F0-7B14-4DD2-A9E8-B5C9EA1DB040}.Release|Any CPU.ActiveCfg = Release|Any CPU
		{E25067F0-7B14-4DD2-A9E8-B5C9EA1DB040}.Release|Any CPU.Build.0 = Release|Any CPU
		{30A26594-C6E7-4CF0-A885-111E49BE3F5F}.Debug|Any CPU.ActiveCfg = Debug|Any CPU
		{30A26594-C6E7-4CF0-A885-111E49BE3F5F}.Debug|Any CPU.Build.0 = Debug|Any CPU
		{30A26594-C6E7-4CF0-A885-111E49BE3F5F}.Release|Any CPU.ActiveCfg = Release|Any CPU
		{30A26594-C6E7-4CF0-A885-111E49BE3F5F}.Release|Any CPU.Build.0 = Release|Any CPU
		{7B74935B-7697-48CA-A401-132759658F41}.Debug|Any CPU.ActiveCfg = Debug|Any CPU
		{7B74935B-7697-48CA-A401-132759658F41}.Debug|Any CPU.Build.0 = Debug|Any CPU
		{7B74935B-7697-48CA-A401-132759658F41}.Release|Any CPU.ActiveCfg = Release|Any CPU
		{7B74935B-7697-48CA-A401-132759658F41}.Release|Any CPU.Build.0 = Release|Any CPU
		{64E02362-C5BD-4AE2-B243-964C497A428F}.Debug|Any CPU.ActiveCfg = Debug|Any CPU
		{64E02362-C5BD-4AE2-B243-964C497A428F}.Debug|Any CPU.Build.0 = Debug|Any CPU
		{64E02362-C5BD-4AE2-B243-964C497A428F}.Release|Any CPU.ActiveCfg = Release|Any CPU
		{64E02362-C5BD-4AE2-B243-964C497A428F}.Release|Any CPU.Build.0 = Release|Any CPU
		{B203EBB1-645D-40A4-AC0C-EC421913EB85}.Debug|Any CPU.ActiveCfg = Debug|Any CPU
		{B203EBB1-645D-40A4-AC0C-EC421913EB85}.Debug|Any CPU.Build.0 = Debug|Any CPU
		{B203EBB1-645D-40A4-AC0C-EC421913EB85}.Release|Any CPU.ActiveCfg = Release|Any CPU
		{B203EBB1-645D-40A4-AC0C-EC421913EB85}.Release|Any CPU.Build.0 = Release|Any CPU
		{5FAD3A30-AF32-46DC-AFF1-B3D7DDBC0B85}.Debug|Any CPU.ActiveCfg = Debug|Any CPU
		{5FAD3A30-AF32-46DC-AFF1-B3D7DDBC0B85}.Debug|Any CPU.Build.0 = Debug|Any CPU
		{5FAD3A30-AF32-46DC-AFF1-B3D7DDBC0B85}.Release|Any CPU.ActiveCfg = Release|Any CPU
		{5FAD3A30-AF32-46DC-AFF1-B3D7DDBC0B85}.Release|Any CPU.Build.0 = Release|Any CPU
		{8E3DEC35-A8BD-41FE-A935-D8B870387B87}.Debug|Any CPU.ActiveCfg = Debug|Any CPU
		{8E3DEC35-A8BD-41FE-A935-D8B870387B87}.Debug|Any CPU.Build.0 = Debug|Any CPU
		{8E3DEC35-A8BD-41FE-A935-D8B870387B87}.Release|Any CPU.ActiveCfg = Release|Any CPU
		{8E3DEC35-A8BD-41FE-A935-D8B870387B87}.Release|Any CPU.Build.0 = Release|Any CPU
	EndGlobalSection
	GlobalSection(SolutionProperties) = preSolution
		HideSolutionNode = FALSE
	EndGlobalSection
	GlobalSection(ExtensibilityGlobals) = postSolution
		SolutionGuid = {84279D56-2F46-4D74-9AF0-A2B82D802D8C}
	EndGlobalSection
	GlobalSection(NestedProjects) = preSolution
		{BC7112F7-9AF1-49EC-9D99-04EC7B2F3561} = {88D6E5D1-149A-4244-A4F3-81B411DCA020}
		{69FA1598-1E79-498E-B2B6-A5CCF5D49584} = {88D6E5D1-149A-4244-A4F3-81B411DCA020}
		{61FA9B7B-3F97-486A-B60D-9AB099713DFF} = {88D6E5D1-149A-4244-A4F3-81B411DCA020}
		{FA7150B1-CD85-4837-A39B-8EB77DBB4EC1} = {25491627-0E82-43FB-B7D4-C220CAC7589D}
		{3A69F978-1E25-4DD8-9758-AE389C9CF697} = {25491627-0E82-43FB-B7D4-C220CAC7589D}
		{D8A9AE2D-8484-4AEF-A94D-4DE83C10C1AE} = {25491627-0E82-43FB-B7D4-C220CAC7589D}
		{64E02362-C5BD-4AE2-B243-964C497A428F} = {D97DDE8F-72C3-401F-851D-75E562280D6B}
		{B203EBB1-645D-40A4-AC0C-EC421913EB85} = {D97DDE8F-72C3-401F-851D-75E562280D6B}
		{7B74935B-7697-48CA-A401-132759658F41} = {D97DDE8F-72C3-401F-851D-75E562280D6B}
		{70F9B213-EE17-45F0-99CA-395168EBE4E4} = {80B791C1-23AF-4F38-8968-22E9BBA3FBCB}
		{B60AA3BC-FE24-4F48-8618-F6604E63694F} = {80B791C1-23AF-4F38-8968-22E9BBA3FBCB}
		{34D9B698-CEB7-4D99-B2ED-D7856ED0AB37} = {80B791C1-23AF-4F38-8968-22E9BBA3FBCB}
		{E25067F0-7B14-4DD2-A9E8-B5C9EA1DB040} = {F619E23D-EA47-4823-834A-998C0D38EF96}
		{30A26594-C6E7-4CF0-A885-111E49BE3F5F} = {F619E23D-EA47-4823-834A-998C0D38EF96}
		{4F857692-7D62-41FF-938B-781A92677D22} = {F619E23D-EA47-4823-834A-998C0D38EF96}
		{5FAD3A30-AF32-46DC-AFF1-B3D7DDBC0B85} = {5DD09708-E9E6-43AC-B3DC-365929E3544F}
		{8E3DEC35-A8BD-41FE-A935-D8B870387B87} = {5DD09708-E9E6-43AC-B3DC-365929E3544F}
	EndGlobalSection
EndGlobal
